
Microsoft Visual Studio Solution File, Format Version 12.00
# Visual Studio 14
VisualStudioVersion = 14.0.25420.1
MinimumVisualStudioVersion = 10.0.40219.1
Project("{8BB2217D-0F2D-49D1-97BC-3654ED321F3B}") = "mvccoreappgithub", "mvccoreappgithub\mvccoreappgithub.xproj", "{FFADBCD4-552C-412B-B888-7F010D3ECE81}"
EndProject
Global
	GlobalSection(SolutionConfigurationPlatforms) = preSolution
		Debug|Any CPU = Debug|Any CPU
		Release|Any CPU = Release|Any CPU
	EndGlobalSection
	GlobalSection(ProjectConfigurationPlatforms) = postSolution
		{FFADBCD4-552C-412B-B888-7F010D3ECE81}.Debug|Any CPU.ActiveCfg = Debug|Any CPU
		{FFADBCD4-552C-412B-B888-7F010D3ECE81}.Debug|Any CPU.Build.0 = Debug|Any CPU
		{FFADBCD4-552C-412B-B888-7F010D3ECE81}.Release|Any CPU.ActiveCfg = Release|Any CPU
		{FFADBCD4-552C-412B-B888-7F010D3ECE81}.Release|Any CPU.Build.0 = Release|Any CPU
	EndGlobalSection
	GlobalSection(SolutionProperties) = preSolution
		HideSolutionNode = FALSE
	EndGlobalSection
EndGlobal
